hash: e8fa60b7779c67a574cb822388733187e1ee322105f5dd34c05ef2adf5c2c54f
updated: 2018-04-26T01:33:16.752578462+05:30
imports:
- name: github.com/bclicn/color
  version: 4c02eff8a28c1add99b3b5b238c165056c3bea8e
- name: golang.org/x/crypto
  version: d6449816ce06963d9d136eee5a56fca5b0616e7e
  subpackages:
  - curve25519
  - ed25519
  - ed25519/internal/edwards25519
  - internal/chacha20
  - poly1305
  - ssh
  - ssh/agent
testImports: []
