hash: 227b8973cf10f9a40c67016690d7c41a1ee453f53ff7889897be0f7b99cc2de4
updated: 2018-04-16T14:05:50.593113305+05:30
imports:
- name: golang.org/x/crypto
  version: d6449816ce06963d9d136eee5a56fca5b0616e7e
  subpackages:
  - curve25519
  - ed25519
  - ed25519/internal/edwards25519
  - internal/chacha20
  - poly1305
  - ssh
  - ssh/agent
testImports: []
